
Microsoft Visual Studio Solution File, Format Version 12.00
# Visual Studio 15
VisualStudioVersion = 15.0.28307.779
MinimumVisualStudioVersion = 10.0.40219.1
Project("{FAE04EC0-301F-11D3-BF4B-00C04F79EFBC}") = "Server", "UDP\Server.csproj", "{1B58DA2D-C39B-4CE4-81E0-AC51FBD212F6}"
EndProject
Project("{FAE04EC0-301F-11D3-BF4B-00C04F79EFBC}") = "Host", "Client\Host.csproj", "{7F63F3C0-552A-43AC-A6C8-0ACA6C2F0593}"
EndProject
Project("{2150E333-8FDC-42A3-9474-1A3956D46DE8}") = "Solution Items", "Solution Items", "{BB2AC7CB-62CB-4FF4-B336-9C78AD424E07}"
	ProjectSection(SolutionItems) = preProject
		README.txt = README.txt
	EndProjectSection
EndProject
Global
	GlobalSection(SolutionConfigurationPlatforms) = preSolution
		Debug|Any CPU = Debug|Any CPU
		Release|Any CPU = Release|Any CPU
	EndGlobalSection
	GlobalSection(ProjectConfigurationPlatforms) = postSolution
		{1B58DA2D-C39B-4CE4-81E0-AC51FBD212F6}.Debug|Any CPU.ActiveCfg = Debug|Any CPU
		{1B58DA2D-C39B-4CE4-81E0-AC51FBD212F6}.Debug|Any CPU.Build.0 = Debug|Any CPU
		{1B58DA2D-C39B-4CE4-81E0-AC51FBD212F6}.Release|Any CPU.ActiveCfg = Release|Any CPU
		{1B58DA2D-C39B-4CE4-81E0-AC51FBD212F6}.Release|Any CPU.Build.0 = Release|Any CPU
		{7F63F3C0-552A-43AC-A6C8-0ACA6C2F0593}.Debug|Any CPU.ActiveCfg = Debug|Any CPU
		{7F63F3C0-552A-43AC-A6C8-0ACA6C2F0593}.Debug|Any CPU.Build.0 = Debug|Any CPU
		{7F63F3C0-552A-43AC-A6C8-0ACA6C2F0593}.Release|Any CPU.ActiveCfg = Release|Any CPU
		{7F63F3C0-552A-43AC-A6C8-0ACA6C2F0593}.Release|Any CPU.Build.0 = Release|Any CPU
	EndGlobalSection
	GlobalSection(SolutionProperties) = preSolution
		HideSolutionNode = FALSE
	EndGlobalSection
	GlobalSection(ExtensibilityGlobals) = postSolution
		SolutionGuid = {B1494AE3-AC3C-44A0-9FC4-B2C0E67B2333}
	EndGlobalSection
EndGlobal
