
Microsoft Visual Studio Solution File, Format Version 12.00
# Visual Studio Version 16
VisualStudioVersion = 16.0.29215.179
MinimumVisualStudioVersion = 10.0.40219.1
Project("{9A19103F-16F7-4668-BE54-9A1E7A4F7556}") = "ConsoleApp1", "ConsoleApp1\ConsoleApp1.csproj", "{351B2D3E-52FB-40CA-9392-F7C100EB05F6}"
EndProject
Project("{2150E333-8FDC-42A3-9474-1A3956D46DE8}") = "Solution Items", "Solution Items", "{BE8B8D41-E16D-4D67-9409-529732A549AF}"
	ProjectSection(SolutionItems) = preProject
		Database.cs = Database.cs
	EndProjectSection
EndProject
Project("{FAE04EC0-301F-11D3-BF4B-00C04F79EFBC}") = "WindowsFormsApp1", "WindowsFormsApp1\WindowsFormsApp1.csproj", "{F2DAEC89-8AB1-4BB2-A6A5-B2469141B8D9}"
EndProject
Global
	GlobalSection(SolutionConfigurationPlatforms) = preSolution
		Debug|Any CPU = Debug|Any CPU
		Release|Any CPU = Release|Any CPU
	EndGlobalSection
	GlobalSection(ProjectConfigurationPlatforms) = postSolution
		{351B2D3E-52FB-40CA-9392-F7C100EB05F6}.Debug|Any CPU.ActiveCfg = Debug|Any CPU
		{351B2D3E-52FB-40CA-9392-F7C100EB05F6}.Debug|Any CPU.Build.0 = Debug|Any CPU
		{351B2D3E-52FB-40CA-9392-F7C100EB05F6}.Release|Any CPU.ActiveCfg = Release|Any CPU
		{351B2D3E-52FB-40CA-9392-F7C100EB05F6}.Release|Any CPU.Build.0 = Release|Any CPU
		{F2DAEC89-8AB1-4BB2-A6A5-B2469141B8D9}.Debug|Any CPU.ActiveCfg = Debug|Any CPU
		{F2DAEC89-8AB1-4BB2-A6A5-B2469141B8D9}.Debug|Any CPU.Build.0 = Debug|Any CPU
		{F2DAEC89-8AB1-4BB2-A6A5-B2469141B8D9}.Release|Any CPU.ActiveCfg = Release|Any CPU
		{F2DAEC89-8AB1-4BB2-A6A5-B2469141B8D9}.Release|Any CPU.Build.0 = Release|Any CPU
	EndGlobalSection
	GlobalSection(SolutionProperties) = preSolution
		HideSolutionNode = FALSE
	EndGlobalSection
	GlobalSection(ExtensibilityGlobals) = postSolution
		SolutionGuid = {B3F87B4A-DCB5-4900-89AE-A34683D21C80}
	EndGlobalSection
EndGlobal
